
Microsoft Visual Studio Solution File, Format Version 12.00
# Visual Studio Version 17
VisualStudioVersion = 17.3.32825.248
MinimumVisualStudioVersion = 10.0.40219.1
Project("{FAE04EC0-301F-11D3-BF4B-00C04F79EFBC}") = "Lessons", "Lessons.csproj", "{597566B0-B984-4DE6-9030-4BD60ECCF584}"
EndProject
Project("{FAE04EC0-301F-11D3-BF4B-00C04F79EFBC}") = "sup", "..\sup\sup.csproj", "{DC039981-AD83-45B4-B438-FBC349052675}"
EndProject
Project("{9A19103F-16F7-4668-BE54-9A1E7A4F7556}") = "WinFormsApp1", "..\WinFormsApp1\WinFormsApp1.csproj", "{A73AB733-D3B0-4E4E-9DA6-5E7C6F7F3289}"
EndProject
Project("{FAE04EC0-301F-11D3-BF4B-00C04F79EFBC}") = "OOP", "..\OOP\OOP.csproj", "{0C1136D9-AAC2-44A9-B72F-F8530118E744}"
EndProject
Global
	GlobalSection(SolutionConfigurationPlatforms) = preSolution
		Debug|Any CPU = Debug|Any CPU
		Release|Any CPU = Release|Any CPU
	EndGlobalSection
	GlobalSection(ProjectConfigurationPlatforms) = postSolution
		{597566B0-B984-4DE6-9030-4BD60ECCF584}.Debug|Any CPU.ActiveCfg = Debug|Any CPU
		{597566B0-B984-4DE6-9030-4BD60ECCF584}.Debug|Any CPU.Build.0 = Debug|Any CPU
		{597566B0-B984-4DE6-9030-4BD60ECCF584}.Release|Any CPU.ActiveCfg = Release|Any CPU
		{597566B0-B984-4DE6-9030-4BD60ECCF584}.Release|Any CPU.Build.0 = Release|Any CPU
		{DC039981-AD83-45B4-B438-FBC349052675}.Debug|Any CPU.ActiveCfg = Debug|Any CPU
		{DC039981-AD83-45B4-B438-FBC349052675}.Debug|Any CPU.Build.0 = Debug|Any CPU
		{DC039981-AD83-45B4-B438-FBC349052675}.Release|Any CPU.ActiveCfg = Release|Any CPU
		{DC039981-AD83-45B4-B438-FBC349052675}.Release|Any CPU.Build.0 = Release|Any CPU
		{A73AB733-D3B0-4E4E-9DA6-5E7C6F7F3289}.Debug|Any CPU.ActiveCfg = Debug|Any CPU
		{A73AB733-D3B0-4E4E-9DA6-5E7C6F7F3289}.Debug|Any CPU.Build.0 = Debug|Any CPU
		{A73AB733-D3B0-4E4E-9DA6-5E7C6F7F3289}.Release|Any CPU.ActiveCfg = Release|Any CPU
		{A73AB733-D3B0-4E4E-9DA6-5E7C6F7F3289}.Release|Any CPU.Build.0 = Release|Any CPU
		{0C1136D9-AAC2-44A9-B72F-F8530118E744}.Debug|Any CPU.ActiveCfg = Debug|Any CPU
		{0C1136D9-AAC2-44A9-B72F-F8530118E744}.Debug|Any CPU.Build.0 = Debug|Any CPU
		{0C1136D9-AAC2-44A9-B72F-F8530118E744}.Release|Any CPU.ActiveCfg = Release|Any CPU
		{0C1136D9-AAC2-44A9-B72F-F8530118E744}.Release|Any CPU.Build.0 = Release|Any CPU
	EndGlobalSection
	GlobalSection(SolutionProperties) = preSolution
		HideSolutionNode = FALSE
	EndGlobalSection
	GlobalSection(ExtensibilityGlobals) = postSolution
		SolutionGuid = {04E54C02-C013-417E-A6E1-23AEF7CE9719}
	EndGlobalSection
EndGlobal
