
Microsoft Visual Studio Solution File, Format Version 12.00
# Visual Studio Version 17
VisualStudioVersion = 17.4.33110.190
MinimumVisualStudioVersion = 10.0.40219.1
Project("{9A19103F-16F7-4668-BE54-9A1E7A4F7556}") = "LimitedSizeStack", "LimitedSizeStack.csproj", "{15B74140-F5F5-4A3D-993E-AC306EF3BB6B}"
EndProject
Global
	GlobalSection(SolutionConfigurationPlatforms) = preSolution
		Debug|Any CPU = Debug|Any CPU
		Release|Any CPU = Release|Any CPU
	EndGlobalSection
	GlobalSection(ProjectConfigurationPlatforms) = postSolution
		{15B74140-F5F5-4A3D-993E-AC306EF3BB6B}.Debug|Any CPU.ActiveCfg = Debug|Any CPU
		{15B74140-F5F5-4A3D-993E-AC306EF3BB6B}.Debug|Any CPU.Build.0 = Debug|Any CPU
		{15B74140-F5F5-4A3D-993E-AC306EF3BB6B}.Release|Any CPU.ActiveCfg = Release|Any CPU
		{15B74140-F5F5-4A3D-993E-AC306EF3BB6B}.Release|Any CPU.Build.0 = Release|Any CPU
	EndGlobalSection
	GlobalSection(SolutionProperties) = preSolution
		HideSolutionNode = FALSE
	EndGlobalSection
	GlobalSection(ExtensibilityGlobals) = postSolution
		SolutionGuid = {01477019-E5C1-438E-AE2B-5D1C31BD7425}
	EndGlobalSection
EndGlobal
