
Microsoft Visual Studio Solution File, Format Version 12.00
# Visual Studio Version 17
VisualStudioVersion = 17.0.31903.59
MinimumVisualStudioVersion = 10.0.40219.1
Project("{FAE04EC0-301F-11D3-BF4B-00C04F79EFBC}") = "UnitTest", "UnitTest\UnitTest.csproj", "{2AAA5B52-35D0-4C24-9C3A-2A08C8030250}"
EndProject
Project("{FAE04EC0-301F-11D3-BF4B-00C04F79EFBC}") = "NetworkUtility", "NetworkUtility\NetworkUtility.csproj", "{0001ED3C-6BB3-40D3-B2FE-035D7BAFE65B}"
EndProject
Project("{FAE04EC0-301F-11D3-BF4B-00C04F79EFBC}") = "NetworkUtility.Tests", "NetworkUtility.Tests\NetworkUtility.Tests.csproj", "{A9BAADFC-D214-4BB2-9197-FBE63C3125CD}"
EndProject
Global
	GlobalSection(SolutionConfigurationPlatforms) = preSolution
		Debug|Any CPU = Debug|Any CPU
		Release|Any CPU = Release|Any CPU
	EndGlobalSection
	GlobalSection(SolutionProperties) = preSolution
		HideSolutionNode = FALSE
	EndGlobalSection
	GlobalSection(ProjectConfigurationPlatforms) = postSolution
		{2AAA5B52-35D0-4C24-9C3A-2A08C8030250}.Debug|Any CPU.ActiveCfg = Debug|Any CPU
		{2AAA5B52-35D0-4C24-9C3A-2A08C8030250}.Debug|Any CPU.Build.0 = Debug|Any CPU
		{2AAA5B52-35D0-4C24-9C3A-2A08C8030250}.Release|Any CPU.ActiveCfg = Release|Any CPU
		{2AAA5B52-35D0-4C24-9C3A-2A08C8030250}.Release|Any CPU.Build.0 = Release|Any CPU
		{0001ED3C-6BB3-40D3-B2FE-035D7BAFE65B}.Debug|Any CPU.ActiveCfg = Debug|Any CPU
		{0001ED3C-6BB3-40D3-B2FE-035D7BAFE65B}.Debug|Any CPU.Build.0 = Debug|Any CPU
		{0001ED3C-6BB3-40D3-B2FE-035D7BAFE65B}.Release|Any CPU.ActiveCfg = Release|Any CPU
		{0001ED3C-6BB3-40D3-B2FE-035D7BAFE65B}.Release|Any CPU.Build.0 = Release|Any CPU
		{A9BAADFC-D214-4BB2-9197-FBE63C3125CD}.Debug|Any CPU.ActiveCfg = Debug|Any CPU
		{A9BAADFC-D214-4BB2-9197-FBE63C3125CD}.Debug|Any CPU.Build.0 = Debug|Any CPU
		{A9BAADFC-D214-4BB2-9197-FBE63C3125CD}.Release|Any CPU.ActiveCfg = Release|Any CPU
		{A9BAADFC-D214-4BB2-9197-FBE63C3125CD}.Release|Any CPU.Build.0 = Release|Any CPU
	EndGlobalSection
EndGlobal
