
Microsoft Visual Studio Solution File, Format Version 12.00
# Visual Studio Version 17
VisualStudioVersion = 17.0.31903.59
MinimumVisualStudioVersion = 10.0.40219.1
Project("{FAE04EC0-301F-11D3-BF4B-00C04F79EFBC}") = "BuberBreakfast", "BuberBreakfast\BuberBreakfast.csproj", "{C31BAF42-D1EE-461C-96A9-24F6645D250B}"
EndProject
Project("{FAE04EC0-301F-11D3-BF4B-00C04F79EFBC}") = "BuberBreakfast.Contract", "BuberBreakfast.Contract\BuberBreakfast.Contract.csproj", "{7EB8F3BD-53C6-45BF-AEB1-710D1FB34EF3}"
EndProject
Global
	GlobalSection(SolutionConfigurationPlatforms) = preSolution
		Debug|Any CPU = Debug|Any CPU
		Release|Any CPU = Release|Any CPU
	EndGlobalSection
	GlobalSection(SolutionProperties) = preSolution
		HideSolutionNode = FALSE
	EndGlobalSection
	GlobalSection(ProjectConfigurationPlatforms) = postSolution
		{C31BAF42-D1EE-461C-96A9-24F6645D250B}.Debug|Any CPU.ActiveCfg = Debug|Any CPU
		{C31BAF42-D1EE-461C-96A9-24F6645D250B}.Debug|Any CPU.Build.0 = Debug|Any CPU
		{C31BAF42-D1EE-461C-96A9-24F6645D250B}.Release|Any CPU.ActiveCfg = Release|Any CPU
		{C31BAF42-D1EE-461C-96A9-24F6645D250B}.Release|Any CPU.Build.0 = Release|Any CPU
		{7EB8F3BD-53C6-45BF-AEB1-710D1FB34EF3}.Debug|Any CPU.ActiveCfg = Debug|Any CPU
		{7EB8F3BD-53C6-45BF-AEB1-710D1FB34EF3}.Debug|Any CPU.Build.0 = Debug|Any CPU
		{7EB8F3BD-53C6-45BF-AEB1-710D1FB34EF3}.Release|Any CPU.ActiveCfg = Release|Any CPU
		{7EB8F3BD-53C6-45BF-AEB1-710D1FB34EF3}.Release|Any CPU.Build.0 = Release|Any CPU
	EndGlobalSection
EndGlobal
